{
  "name": "web",
  "version": "0.1.0",
  "lockfileVersion": 3,
  "requires": true,
  "packages": {
    "": {
      "name": "web",
      "version": "0.1.0",
      "dependencies": {
        "next": "14.2.3"
      },
      "devDependencies": {
        "jest": "^29.7.0"
      }
    },
    "node_modules/next": {
      "version": "14.2.3",
      "resolved": "https://registry.npmjs.org/next/-/next-14.2.3.tgz"
    },
    "node_modules/jest": {
      "version": "29.7.0",
      "resolved": "https://registry.npmjs.org/jest/-/jest-29.7.0.tgz"
    },
    "node_modules/jest/node_modules/chalk": {
      "version": "4.1.2",
      "resolved": "https://registry.npmjs.org/chalk/-/chalk-4.1.2.tgz"
    }
  }
}
